
Microsoft Visual Studio Solution File, Format Version 11.00
# Visual Studio 2010
Project("{FAE04EC0-301F-11D3-BF4B-00C04F79EFBC}") = "Assembly-CSharp", "Assembly-CSharp.csproj", "{acc75d2c-832e-8426-bee9-32864de457bc}"
EndProject
Project("{FAE04EC0-301F-11D3-BF4B-00C04F79EFBC}") = "TMPEffectRuntime", "TMPEffectRuntime.csproj", "{33561649-f599-a852-b87a-a88a58ef14f9}"
EndProject
Project("{FAE04EC0-301F-11D3-BF4B-00C04F79EFBC}") = "Assembly-CSharp-Editor", "Assembly-CSharp-Editor.csproj", "{25942ec6-bb94-3d92-11e6-a66bf466719f}"
EndProject
Project("{FAE04EC0-301F-11D3-BF4B-00C04F79EFBC}") = "TMPEffectEditor", "TMPEffectEditor.csproj", "{92f66ec3-a52c-83a2-0cf5-17115acb1b7b}"
EndProject
Global
	GlobalSection(SolutionConfigurationPlatforms) = preSolution
		Debug|Any CPU = Debug|Any CPU
	EndGlobalSection
	GlobalSection(ProjectConfigurationPlatforms) = postSolution
		{acc75d2c-832e-8426-bee9-32864de457bc}.Debug|Any CPU.ActiveCfg = Debug|Any CPU
		{acc75d2c-832e-8426-bee9-32864de457bc}.Debug|Any CPU.Build.0 = Debug|Any CPU
		{33561649-f599-a852-b87a-a88a58ef14f9}.Debug|Any CPU.ActiveCfg = Debug|Any CPU
		{33561649-f599-a852-b87a-a88a58ef14f9}.Debug|Any CPU.Build.0 = Debug|Any CPU
		{25942ec6-bb94-3d92-11e6-a66bf466719f}.Debug|Any CPU.ActiveCfg = Debug|Any CPU
		{25942ec6-bb94-3d92-11e6-a66bf466719f}.Debug|Any CPU.Build.0 = Debug|Any CPU
		{92f66ec3-a52c-83a2-0cf5-17115acb1b7b}.Debug|Any CPU.ActiveCfg = Debug|Any CPU
		{92f66ec3-a52c-83a2-0cf5-17115acb1b7b}.Debug|Any CPU.Build.0 = Debug|Any CPU
	EndGlobalSection
	GlobalSection(SolutionProperties) = preSolution
		HideSolutionNode = FALSE
	EndGlobalSection
EndGlobal
